
Microsoft Visual Studio Solution File, Format Version 12.00
# Visual Studio 15
VisualStudioVersion = 15.0.28307.168
MinimumVisualStudioVersion = 10.0.40219.1
Project("{FAE04EC0-301F-11D3-BF4B-00C04F79EFBC}") = "EFMVCCoreSampleApp", "EFMVCCoreSampleApp\EFMVCCoreSampleApp.csproj", "{61302072-CE55-414A-8A77-4D07F89BDF64}"
EndProject
Global
	GlobalSection(SolutionConfigurationPlatforms) = preSolution
		Debug|Any CPU = Debug|Any CPU
		Release|Any CPU = Release|Any CPU
	EndGlobalSection
	GlobalSection(ProjectConfigurationPlatforms) = postSolution
		{61302072-CE55-414A-8A77-4D07F89BDF64}.Debug|Any CPU.ActiveCfg = Debug|Any CPU
		{61302072-CE55-414A-8A77-4D07F89BDF64}.Debug|Any CPU.Build.0 = Debug|Any CPU
		{61302072-CE55-414A-8A77-4D07F89BDF64}.Release|Any CPU.ActiveCfg = Release|Any CPU
		{61302072-CE55-414A-8A77-4D07F89BDF64}.Release|Any CPU.Build.0 = Release|Any CPU
	EndGlobalSection
	GlobalSection(SolutionProperties) = preSolution
		HideSolutionNode = FALSE
	EndGlobalSection
	GlobalSection(ExtensibilityGlobals) = postSolution
		SolutionGuid = {1B76D9F6-9F01-47AB-99D1-A6EE463BF7B0}
	EndGlobalSection
EndGlobal
